
Microsoft Visual Studio Solution File, Format Version 12.00
# Visual Studio Version 16
VisualStudioVersion = 16.0.30114.105
MinimumVisualStudioVersion = 10.0.40219.1
Project("{FAE04EC0-301F-11D3-BF4B-00C04F79EFBC}") = "PacmanRemasterdHHS", "PacmanRemasterdHHS\PacmanRemasterdHHS.csproj", "{94B8CE87-8C8A-4197-A840-19580766467B}"
EndProject
Global
	GlobalSection(SolutionConfigurationPlatforms) = preSolution
		Debug|Any CPU = Debug|Any CPU
		Release|Any CPU = Release|Any CPU
	EndGlobalSection
	GlobalSection(ProjectConfigurationPlatforms) = postSolution
		{94B8CE87-8C8A-4197-A840-19580766467B}.Debug|Any CPU.ActiveCfg = Debug|Any CPU
		{94B8CE87-8C8A-4197-A840-19580766467B}.Debug|Any CPU.Build.0 = Debug|Any CPU
		{94B8CE87-8C8A-4197-A840-19580766467B}.Release|Any CPU.ActiveCfg = Release|Any CPU
		{94B8CE87-8C8A-4197-A840-19580766467B}.Release|Any CPU.Build.0 = Release|Any CPU
	EndGlobalSection
	GlobalSection(SolutionProperties) = preSolution
		HideSolutionNode = FALSE
	EndGlobalSection
	GlobalSection(ExtensibilityGlobals) = postSolution
		SolutionGuid = {13D9DFC4-2B3D-4AE4-940A-0E32DCC19311}
	EndGlobalSection
EndGlobal
